// !$*UTF8*$!
{
	archiveVersion = 1;
	classes = {
	};
	objectVersion = 50;
	objects = {

/* Begin PBXBuildFile section */
		E27877442517DDE90000841E /* AppDelegate.swift in Sources */ = {isa = PBXBuildFile; fileRef = E27877432517DDE90000841E /* AppDelegate.swift */; };
		E27877462517DDE90000841E /* SceneDelegate.swift in Sources */ = {isa = PBXBuildFile; fileRef = E27877452517DDE90000841E /* SceneDelegate.swift */; };
		E27877482517DDE90000841E /* ViewController.swift in Sources */ = {isa = PBXBuildFile; fileRef = E27877472517DDE90000841E /* ViewController.swift */; };
		E278774B2517DDE90000841E /* Main.storyboard in Resources */ = {isa = PBXBuildFile; fileRef = E27877492517DDE90000841E /* Main.storyboard */; };
		E278774D2517DDEC0000841E /* Assets.xcassets in Resources */ = {isa = PBXBuildFile; fileRef = E278774C2517DDEC0000841E /* Assets.xcassets */; };
		E27877502517DDEC0000841E /* LaunchScreen.storyboard in Resources */ = {isa = PBXBuildFile; fileRef = E278774E2517DDEC0000841E /* LaunchScreen.storyboard */; };
		E278775B2517DDED0000841E /* TechMonTests.swift in Sources */ = {isa = PBXBuildFile; fileRef = E278775A2517DDED0000841E /* TechMonTests.swift */; };
		E27877662517DDED0000841E /* TechMonUITests.swift in Sources */ = {isa = PBXBuildFile; fileRef = E27877652517DDED0000841E /* TechMonUITests.swift */; };
/* End PBXBuildFile section */

/* Begin PBXContainerItemProxy section */
		E27877572517DDED0000841E /* PBXContainerItemProxy */ = {
			isa = PBXContainerItemProxy;
			containerPortal = E27877382517DDE90000841E /* Project object */;
			proxyType = 1;
			remoteGlobalIDString = E278773F2517DDE90000841E;
			remoteInfo = TechMon;
		};
		E27877622517DDED0000841E /* PBXContainerItemProxy */ = {
			isa = PBXContainerItemProxy;
			containerPortal = E27877382517DDE90000841E /* Project object */;
			proxyType = 1;
			remoteGlobalIDString = E278773F2517DDE90000841E;
			remoteInfo = TechMon;
		};
/* End PBXContainerItemProxy section */

/* Begin PBXFileReference section */
		E27877402517DDE90000841E /* TechMon.app */ = {isa = PBXFileReference; explicitFileType = wrapper.application; includeInIndex = 0; path = TechMon.app; sourceTree = BUILT_PRODUCTS_DIR; };
		E27877432517DDE90000841E /* AppDelegate.swift */ = {isa = PBXFileReference; lastKnownFileType = sourcecode.swift; path = AppDelegate.swift; sourceTree = "<group>"; };
		E27877452517DDE90000841E /* SceneDelegate.swift */ = {isa = PBXFileReference; lastKnownFileType = sourcecode.swift; path = SceneDelegate.swift; sourceTree = "<group>"; };
		E27877472517DDE90000841E /* ViewController.swift */ = {isa = PBXFileReference; lastKnownFileType = sourcecode.swift; path = ViewController.swift; sourceTree = "<group>"; };
		E278774A2517DDE90000841E /* Base */ = {isa = PBXFileReference; lastKnownFileType = file.storyboard; name = Base; path = Base.lproj/Main.storyboard; sourceTree = "<group>"; };
		E278774C2517DDEC0000841E /* Assets.xcassets */ = {isa = PBXFileReference; lastKnownFileType = folder.assetcatalog; path = Assets.xcassets; sourceTree = "<group>"; };
		E278774F2517DDEC0000841E /* Base */ = {isa = PBXFileReference; lastKnownFileType = file.storyboard; name = Base; path = Base.lproj/LaunchScreen.storyboard; sourceTree = "<group>"; };
		E27877512517DDEC0000841E /* Info.plist */ = {isa = PBXFileReference; lastKnownFileType = text.plist.xml; path = Info.plist; sourceTree = "<group>"; };
		E27877562517DDED0000841E /* TechMonTests.xctest */ = {isa = PBXFileReference; explicitFileType = wrapper.cfbundle; includeInIndex = 0; path = TechMonTests.xctest; sourceTree = BUILT_PRODUCTS_DIR; };
		E278775A2517DDED0000841E /* TechMonTests.swift */ = {isa = PBXFileReference; lastKnownFileType = sourcecode.swift; path = TechMonTests.swift; sourceTree = "<group>"; };
		E278775C2517DDED0000841E /* Info.plist */ = {isa = PBXFileReference; lastKnownFileType = text.plist.xml; path = Info.plist; sourceTree = "<group>"; };
		E27877612517DDED0000841E /* TechMonUITests.xctest */ = {isa = PBXFileReference; explicitFileType = wrapper.cfbundle; includeInIndex = 0; path = TechMonUITests.xctest; sourceTree = BUILT_PRODUCTS_DIR; };
		E27877652517DDED0000841E /* TechMonUITests.swift */ = {isa = PBXFileReference; lastKnownFileType = sourcecode.swift; path = TechMonUITests.swift; sourceTree = "<group>"; };
		E27877672517DDED0000841E /* Info.plist */ = {isa = PBXFileReference; lastKnownFileType = text.plist.xml; path = Info.plist; sourceTree = "<group>"; };
/* End PBXFileReference section */

/* Begin PBXFrameworksBuildPhase section */
		E278773D2517DDE90000841E /* Frameworks */ = {
			isa = PBXFrameworksBuildPhase;
			buildActionMask = 2147483647;
			files = (
			);
			runOnlyForDeploymentPostprocessing = 0;
		};
		E27877532517DDED0000841E /* Frameworks */ = {
			isa = PBXFrameworksBuildPhase;
			buildActionMask = 2147483647;
			files = (
			);
			runOnlyForDeploymentPostprocessing = 0;
		};
		E278775E2517DDED0000841E /* Frameworks */ = {
			isa = PBXFrameworksBuildPhase;
			buildActionMask = 2147483647;
			files = (
			);
			runOnlyForDeploymentPostprocessing = 0;
		};
/* End PBXFrameworksBuildPhase section */

/* Begin PBXGroup section */
		E27877372517DDE90000841E = {
			isa = PBXGroup;
			children = (
				E27877422517DDE90000841E /* TechMon */,
				E27877592517DDED0000841E /* TechMonTests */,
				E27877642517DDED0000841E /* TechMonUITests */,
				E27877412517DDE90000841E /* Products */,
			);
			sourceTree = "<group>";
		};
		E27877412517DDE90000841E /* Products */ = {
			isa = PBXGroup;
			children = (
				E27877402517DDE90000841E /* TechMon.app */,
				E27877562517DDED0000841E /* TechMonTests.xctest */,
				E27877612517DDED0000841E /* TechMonUITests.xctest */,
			);
			name = Products;
			sourceTree = "<group>";
		};
		E27877422517DDE90000841E /* TechMon */ = {
			isa = PBXGroup;
			children = (
				E27877432517DDE90000841E /* AppDelegate.swift */,
				E27877452517DDE90000841E /* SceneDelegate.swift */,
				E27877472517DDE90000841E /* ViewController.swift */,
				E27877492517DDE90000841E /* Main.storyboard */,
				E278774C2517DDEC0000841E /* Assets.xcassets */,
				E278774E2517DDEC0000841E /* LaunchScreen.storyboard */,
				E27877512517DDEC0000841E /* Info.plist */,
			);
			path = TechMon;
			sourceTree = "<group>";
		};
		E27877592517DDED0000841E /* TechMonTests */ = {
			isa = PBXGroup;
			children = (
				E278775A2517DDED0000841E /* TechMonTests.swift */,
				E278775C2517DDED0000841E /* Info.plist */,
			);
			path = TechMonTests;
			sourceTree = "<group>";
		};
		E27877642517DDED0000841E /* TechMonUITests */ = {
			isa = PBXGroup;
			children = (
				E27877652517DDED0000841E /* TechMonUITests.swift */,
				E27877672517DDED0000841E /* Info.plist */,
			);
			path = TechMonUITests;
			sourceTree = "<group>";
		};
/* End PBXGroup section */

/* Begin PBXNativeTarget section */
		E278773F2517DDE90000841E /* TechMon */ = {
			isa = PBXNativeTarget;
			buildConfigurationList = E278776A2517DDED0000841E /* Build configuration list for PBXNativeTarget "TechMon" */;
			buildPhases = (
				E278773C2517DDE90000841E /* Sources */,
				E278773D2517DDE90000841E /* Frameworks */,
				E278773E2517DDE90000841E /* Resources */,
			);
			buildRules = (
			);
			dependencies = (
			);
			name = TechMon;
			productName = TechMon;
			productReference = E27877402517DDE90000841E /* TechMon.app */;
			productType = "com.apple.product-type.application";
		};
		E27877552517DDED0000841E /* TechMonTests */ = {
			isa = PBXNativeTarget;
			buildConfigurationList = E278776D2517DDED0000841E /* Build configuration list for PBXNativeTarget "TechMonTests" */;
			buildPhases = (
				E27877522517DDED0000841E /* Sources */,
				E27877532517DDED0000841E /* Frameworks */,
				E27877542517DDED0000841E /* Resources */,
			);
			buildRules = (
			);
			dependencies = (
				E27877582517DDED0000841E /* PBXTargetDependency */,
			);
			name = TechMonTests;
			productName = TechMonTests;
			productReference = E27877562517DDED0000841E /* TechMonTests.xctest */;
			productType = "com.apple.product-type.bundle.unit-test";
		};
		E27877602517DDED0000841E /* TechMonUITests */ = {
			isa = PBXNativeTarget;
			buildConfigurationList = E27877702517DDED0000841E /* Build configuration list for PBXNativeTarget "TechMonUITests" */;
			buildPhases = (
				E278775D2517DDED0000841E /* Sources */,
				E278775E2517DDED0000841E /* Frameworks */,
				E278775F2517DDED0000841E /* Resources */,
			);
			buildRules = (
			);
			dependencies = (
				E27877632517DDED0000841E /* PBXTargetDependency */,
			);
			name = TechMonUITests;
			productName = TechMonUITests;
			productReference = E27877612517DDED0000841E /* TechMonUITests.xctest */;
			productType = "com.apple.product-type.bundle.ui-testing";
		};
/* End PBXNativeTarget section */

/* Begin PBXProject section */
		E27877382517DDE90000841E /* Project object */ = {
			isa = PBXProject;
			attributes = {
				LastSwiftUpdateCheck = 1170;
				LastUpgradeCheck = 1170;
				ORGANIZATIONNAME = "古田翔太郎";
				TargetAttributes = {
					E278773F2517DDE90000841E = {
						CreatedOnToolsVersion = 11.7;
					};
					E27877552517DDED0000841E = {
						CreatedOnToolsVersion = 11.7;
						TestTargetID = E278773F2517DDE90000841E;
					};
					E27877602517DDED0000841E = {
						CreatedOnToolsVersion = 11.7;
						TestTargetID = E278773F2517DDE90000841E;
					};
				};
			};
			buildConfigurationList = E278773B2517DDE90000841E /* Build configuration list for PBXProject "TechMon" */;
			compatibilityVersion = "Xcode 9.3";
			developmentRegion = en;
			hasScannedForEncodings = 0;
			knownRegions = (
				en,
				Base,
			);
			mainGroup = E27877372517DDE90000841E;
			productRefGroup = E27877412517DDE90000841E /* Products */;
			projectDirPath = "";
			projectRoot = "";
			targets = (
				E278773F2517DDE90000841E /* TechMon */,
				E27877552517DDED0000841E /* TechMonTests */,
				E27877602517DDED0000841E /* TechMonUITests */,
			);
		};
/* End PBXProject section */

/* Begin PBXResourcesBuildPhase section */
		E278773E2517DDE90000841E /* Resources */ = {
			isa = PBXResourcesBuildPhase;
			buildActionMask = 2147483647;
			files = (
				E27877502517DDEC0000841E /* LaunchScreen.storyboard in Resources */,
				E278774D2517DDEC0000841E /* Assets.xcassets in Resources */,
				E278774B2517DDE90000841E /* Main.storyboard in Resources */,
			);
			runOnlyForDeploymentPostprocessing = 0;
		};
		E27877542517DDED0000841E /* Resources */ = {
			isa = PBXResourcesBuildPhase;
			buildActionMask = 2147483647;
			files = (
			);
			runOnlyForDeploymentPostprocessing = 0;
		};
		E278775F2517DDED0000841E /* Resources */ = {
			isa = PBXResourcesBuildPhase;
			buildActionMask = 2147483647;
			files = (
			);
			runOnlyForDeploymentPostprocessing = 0;
		};
/* End PBXResourcesBuildPhase section */

/* Begin PBXSourcesBuildPhase section */
		E278773C2517DDE90000841E /* Sources */ = {
			isa = PBXSourcesBuildPhase;
			buildActionMask = 2147483647;
			files = (
				E27877482517DDE90000841E /* ViewController.swift in Sources */,
				E27877442517DDE90000841E /* AppDelegate.swift in Sources */,
				E27877462517DDE90000841E /* SceneDelegate.swift in Sources */,
			);
			runOnlyForDeploymentPostprocessing = 0;
		};
		E27877522517DDED0000841E /* Sources */ = {
			isa = PBXSourcesBuildPhase;
			buildActionMask = 2147483647;
			files = (
				E278775B2517DDED0000841E /* TechMonTests.swift in Sources */,
			);
			runOnlyForDeploymentPostprocessing = 0;
		};
		E278775D2517DDED0000841E /* Sources */ = {
			isa = PBXSourcesBuildPhase;
			buildActionMask = 2147483647;
			files = (
				E27877662517DDED0000841E /* TechMonUITests.swift in Sources */,
			);
			runOnlyForDeploymentPostprocessing = 0;
		};
/* End PBXSourcesBuildPhase section */

/* Begin PBXTargetDependency section */
		E27877582517DDED0000841E /* PBXTargetDependency */ = {
			isa = PBXTargetDependency;
			target = E278773F2517DDE90000841E /* TechMon */;
			targetProxy = E27877572517DDED0000841E /* PBXContainerItemProxy */;
		};
		E27877632517DDED0000841E /* PBXTargetDependency */ = {
			isa = PBXTargetDependency;
			target = E278773F2517DDE90000841E /* TechMon */;
			targetProxy = E27877622517DDED0000841E /* PBXContainerItemProxy */;
		};
/* End PBXTargetDependency section */

/* Begin PBXVariantGroup section */
		E27877492517DDE90000841E /* Main.storyboard */ = {
			isa = PBXVariantGroup;
			children = (
				E278774A2517DDE90000841E /* Base */,
			);
			name = Main.storyboard;
			sourceTree = "<group>";
		};
		E278774E2517DDEC0000841E /* LaunchScreen.storyboard */ = {
			isa = PBXVariantGroup;
			children = (
				E278774F2517DDEC0000841E /* Base */,
			);
			name = LaunchScreen.storyboard;
			sourceTree = "<group>";
		};
/* End PBXVariantGroup section */

/* Begin XCBuildConfiguration section */
		E27877682517DDED0000841E /* Debug */ = {
			isa = XCBuildConfiguration;
			buildSettings = {
				ALWAYS_SEARCH_USER_PATHS = NO;
				CLANG_ANALYZER_NONNULL = YES;
				CLANG_ANALYZER_NUMBER_OBJECT_CONVERSION = YES_AGGRESSIVE;
				CLANG_CXX_LANGUAGE_STANDARD = "gnu++14";
				CLANG_CXX_LIBRARY = "libc++";
				CLANG_ENABLE_MODULES = YES;
				CLANG_ENABLE_OBJC_ARC = YES;
				CLANG_ENABLE_OBJC_WEAK = YES;
				CLANG_WARN_BLOCK_CAPTURE_AUTORELEASING = YES;
				CLANG_WARN_BOOL_CONVERSION = YES;
				CLANG_WARN_COMMA = YES;
				CLANG_WARN_CONSTANT_CONVERSION = YES;
				CLANG_WARN_DEPRECATED_OBJC_IMPLEMENTATIONS = YES;
				CLANG_WARN_DIRECT_OBJC_ISA_USAGE = YES_ERROR;
				CLANG_WARN_DOCUMENTATION_COMMENTS = YES;
				CLANG_WARN_EMPTY_BODY = YES;
				CLANG_WARN_ENUM_CONVERSION = YES;
				CLANG_WARN_INFINITE_RECURSION = YES;
				CLANG_WARN_INT_CONVERSION = YES;
				CLANG_WARN_NON_LITERAL_NULL_CONVERSION = YES;
				CLANG_WARN_OBJC_IMPLICIT_RETAIN_SELF = YES;
				CLANG_WARN_OBJC_LITERAL_CONVERSION = YES;
				CLANG_WARN_OBJC_ROOT_CLASS = YES_ERROR;
				CLANG_WARN_RANGE_LOOP_ANALYSIS = YES;
				CLANG_WARN_STRICT_PROTOTYPES = YES;
				CLANG_WARN_SUSPICIOUS_MOVE = YES;
				CLANG_WARN_UNGUARDED_AVAILABILITY = YES_AGGRESSIVE;
				CLANG_WARN_UNREACHABLE_CODE = YES;
				CLANG_WARN__DUPLICATE_METHOD_MATCH = YES;
				COPY_PHASE_STRIP = NO;
				DEBUG_INFORMATION_FORMAT = dwarf;
				ENABLE_STRICT_OBJC_MSGSEND = YES;
				ENABLE_TESTABILITY = YES;
				GCC_C_LANGUAGE_STANDARD = gnu11;
				GCC_DYNAMIC_NO_PIC = NO;
				GCC_NO_COMMON_BLOCKS = YES;
				GCC_OPTIMIZATION_LEVEL = 0;
				GCC_PREPROCESSOR_DEFINITIONS = (
					"DEBUG=1",
					"$(inherited)",
				);
				GCC_WARN_64_TO_32_BIT_CONVERSION = YES;
				GCC_WARN_ABOUT_RETURN_TYPE = YES_ERROR;
				GCC_WARN_UNDECLARED_SELECTOR = YES;
				GCC_WARN_UNINITIALIZED_AUTOS = YES_AGGRESSIVE;
				GCC_WARN_UNUSED_FUNCTION = YES;
				GCC_WARN_UNUSED_VARIABLE = YES;
				IPHONEOS_DEPLOYMENT_TARGET = 13.7;
				MTL_ENABLE_DEBUG_INFO = INCLUDE_SOURCE;
				MTL_FAST_MATH = YES;
				ONLY_ACTIVE_ARCH = YES;
				SDKROOT = iphoneos;
				SWIFT_ACTIVE_COMPILATION_CONDITIONS = DEBUG;
				SWIFT_OPTIMIZATION_LEVEL = "-Onone";
			};
			name = Debug;
		};
		E27877692517DDED0000841E /* Release */ = {
			isa = XCBuildConfiguration;
			buildSettings = {
				ALWAYS_SEARCH_USER_PATHS = NO;
				CLANG_ANALYZER_NONNULL = YES;
				CLANG_ANALYZER_NUMBER_OBJECT_CONVERSION = YES_AGGRESSIVE;
				CLANG_CXX_LANGUAGE_STANDARD = "gnu++14";
				CLANG_CXX_LIBRARY = "libc++";
				CLANG_ENABLE_MODULES = YES;
				CLANG_ENABLE_OBJC_ARC = YES;
				CLANG_ENABLE_OBJC_WEAK = YES;
				CLANG_WARN_BLOCK_CAPTURE_AUTORELEASING = YES;
				CLANG_WARN_BOOL_CONVERSION = YES;
				CLANG_WARN_COMMA = YES;
				CLANG_WARN_CONSTANT_CONVERSION = YES;
				CLANG_WARN_DEPRECATED_OBJC_IMPLEMENTATIONS = YES;
				CLANG_WARN_DIRECT_OBJC_ISA_USAGE = YES_ERROR;
				CLANG_WARN_DOCUMENTATION_COMMENTS = YES;
				CLANG_WARN_EMPTY_BODY = YES;
				CLANG_WARN_ENUM_CONVERSION = YES;
				CLANG_WARN_INFINITE_RECURSION = YES;
				CLANG_WARN_INT_CONVERSION = YES;
				CLANG_WARN_NON_LITERAL_NULL_CONVERSION = YES;
				CLANG_WARN_OBJC_IMPLICIT_RETAIN_SELF = YES;
				CLANG_WARN_OBJC_LITERAL_CONVERSION = YES;
				CLANG_WARN_OBJC_ROOT_CLASS = YES_ERROR;
				CLANG_WARN_RANGE_LOOP_ANALYSIS = YES;
				CLANG_WARN_STRICT_PROTOTYPES = YES;
				CLANG_WARN_SUSPICIOUS_MOVE = YES;
				CLANG_WARN_UNGUARDED_AVAILABILITY = YES_AGGRESSIVE;
				CLANG_WARN_UNREACHABLE_CODE = YES;
				CLANG_WARN__DUPLICATE_METHOD_MATCH = YES;
				COPY_PHASE_STRIP = NO;
				DEBUG_INFORMATION_FORMAT = "dwarf-with-dsym";
				ENABLE_NS_ASSERTIONS = NO;
				ENABLE_STRICT_OBJC_MSGSEND = YES;
				GCC_C_LANGUAGE_STANDARD = gnu11;
				GCC_NO_COMMON_BLOCKS = YES;
				GCC_WARN_64_TO_32_BIT_CONVERSION = YES;
				GCC_WARN_ABOUT_RETURN_TYPE = YES_ERROR;
				GCC_WARN_UNDECLARED_SELECTOR = YES;
				GCC_WARN_UNINITIALIZED_AUTOS = YES_AGGRESSIVE;
				GCC_WARN_UNUSED_FUNCTION = YES;
				GCC_WARN_UNUSED_VARIABLE = YES;
				IPHONEOS_DEPLOYMENT_TARGET = 13.7;
				MTL_ENABLE_DEBUG_INFO = NO;
				MTL_FAST_MATH = YES;
				SDKROOT = iphoneos;
				SWIFT_COMPILATION_MODE = wholemodule;
				SWIFT_OPTIMIZATION_LEVEL = "-O";
				VALIDATE_PRODUCT = YES;
			};
			name = Release;
		};
		E278776B2517DDED0000841E /* Debug */ = {
			isa = XCBuildConfiguration;
			buildSettings = {
				ASSETCATALOG_COMPILER_APPICON_NAME = AppIcon;
				CODE_SIGN_STYLE = Automatic;
				INFOPLIST_FILE = TechMon/Info.plist;
				LD_RUNPATH_SEARCH_PATHS = (
					"$(inherited)",
					"@executable_path/Frameworks",
				);
				PRODUCT_BUNDLE_IDENTIFIER = anny.TechMon;
				PRODUCT_NAME = "$(TARGET_NAME)";
				SWIFT_VERSION = 5.0;
				TARGETED_DEVICE_FAMILY = "1,2";
			};
			name = Debug;
		};
		E278776C2517DDED0000841E /* Release */ = {
			isa = XCBuildConfiguration;
			buildSettings = {
				ASSETCATALOG_COMPILER_APPICON_NAME = AppIcon;
				CODE_SIGN_STYLE = Automatic;
				INFOPLIST_FILE = TechMon/Info.plist;
				LD_RUNPATH_SEARCH_PATHS = (
					"$(inherited)",
					"@executable_path/Frameworks",
				);
				PRODUCT_BUNDLE_IDENTIFIER = anny.TechMon;
				PRODUCT_NAME = "$(TARGET_NAME)";
				SWIFT_VERSION = 5.0;
				TARGETED_DEVICE_FAMILY = "1,2";
			};
			name = Release;
		};
		E278776E2517DDED0000841E /* Debug */ = {
			isa = XCBuildConfiguration;
			buildSettings = {
				ALWAYS_EMBED_SWIFT_STANDARD_LIBRARIES = YES;
				BUNDLE_LOADER = "$(TEST_HOST)";
				CODE_SIGN_STYLE = Automatic;
				INFOPLIST_FILE = TechMonTests/Info.plist;
				IPHONEOS_DEPLOYMENT_TARGET = 13.7;
				LD_RUNPATH_SEARCH_PATHS = (
					"$(inherited)",
					"@executable_path/Frameworks",
					"@loader_path/Frameworks",
				);
				PRODUCT_BUNDLE_IDENTIFIER = anny.TechMonTests;
				PRODUCT_NAME = "$(TARGET_NAME)";
				SWIFT_VERSION = 5.0;
				TARGETED_DEVICE_FAMILY = "1,2";
				TEST_HOST = "$(BUILT_PRODUCTS_DIR)/TechMon.app/TechMon";
			};
			name = Debug;
		};
		E278776F2517DDED0000841E /* Release */ = {
			isa = XCBuildConfiguration;
			buildSettings = {
				ALWAYS_EMBED_SWIFT_STANDARD_LIBRARIES = YES;
				BUNDLE_LOADER = "$(TEST_HOST)";
				CODE_SIGN_STYLE = Automatic;
				INFOPLIST_FILE = TechMonTests/Info.plist;
				IPHONEOS_DEPLOYMENT_TARGET = 13.7;
				LD_RUNPATH_SEARCH_PATHS = (
					"$(inherited)",
					"@executable_path/Frameworks",
					"@loader_path/Frameworks",
				);
				PRODUCT_BUNDLE_IDENTIFIER = anny.TechMonTests;
				PRODUCT_NAME = "$(TARGET_NAME)";
				SWIFT_VERSION = 5.0;
				TARGETED_DEVICE_FAMILY = "1,2";
				TEST_HOST = "$(BUILT_PRODUCTS_DIR)/TechMon.app/TechMon";
			};
			name = Release;
		};
		E27877712517DDED0000841E /* Debug */ = {
			isa = XCBuildConfiguration;
			buildSettings = {
				ALWAYS_EMBED_SWIFT_STANDARD_LIBRARIES = YES;
				CODE_SIGN_STYLE = Automatic;
				INFOPLIST_FILE = TechMonUITests/Info.plist;
				LD_RUNPATH_SEARCH_PATHS = (
					"$(inherited)",
					"@executable_path/Frameworks",
					"@loader_path/Frameworks",
				);
				PRODUCT_BUNDLE_IDENTIFIER = anny.TechMonUITests;
				PRODUCT_NAME = "$(TARGET_NAME)";
				SWIFT_VERSION = 5.0;
				TARGETED_DEVICE_FAMILY = "1,2";
				TEST_TARGET_NAME = TechMon;
			};
			name = Debug;
		};
		E27877722517DDED0000841E /* Release */ = {
			isa = XCBuildConfiguration;
			buildSettings = {
				ALWAYS_EMBED_SWIFT_STANDARD_LIBRARIES = YES;
				CODE_SIGN_STYLE = Automatic;
				INFOPLIST_FILE = TechMonUITests/Info.plist;
				LD_RUNPATH_SEARCH_PATHS = (
					"$(inherited)",
					"@executable_path/Frameworks",
					"@loader_path/Frameworks",
				);
				PRODUCT_BUNDLE_IDENTIFIER = anny.TechMonUITests;
				PRODUCT_NAME = "$(TARGET_NAME)";
				SWIFT_VERSION = 5.0;
				TARGETED_DEVICE_FAMILY = "1,2";
				TEST_TARGET_NAME = TechMon;
			};
			name = Release;
		};
/* End XCBuildConfiguration section */

/* Begin XCConfigurationList section */
		E278773B2517DDE90000841E /* Build configuration list for PBXProject "TechMon" */ = {
			isa = XCConfigurationList;
			buildConfigurations = (
				E27877682517DDED0000841E /* Debug */,
				E27877692517DDED0000841E /* Release */,
			);
			defaultConfigurationIsVisible = 0;
			defaultConfigurationName = Release;
		};
		E278776A2517DDED0000841E /* Build configuration list for PBXNativeTarget "TechMon" */ = {
			isa = XCConfigurationList;
			buildConfigurations = (
				E278776B2517DDED0000841E /* Debug */,
				E278776C2517DDED0000841E /* Release */,
			);
			defaultConfigurationIsVisible = 0;
			defaultConfigurationName = Release;
		};
		E278776D2517DDED0000841E /* Build configuration list for PBXNativeTarget "TechMonTests" */ = {
			isa = XCConfigurationList;
			buildConfigurations = (
				E278776E2517DDED0000841E /* Debug */,
				E278776F2517DDED0000841E /* Release */,
			);
			defaultConfigurationIsVisible = 0;
			defaultConfigurationName = Release;
		};
		E27877702517DDED0000841E /* Build configuration list for PBXNativeTarget "TechMonUITests" */ = {
			isa = XCConfigurationList;
			buildConfigurations = (
				E27877712517DDED0000841E /* Debug */,
				E27877722517DDED0000841E /* Release */,
			);
			defaultConfigurationIsVisible = 0;
			defaultConfigurationName = Release;
		};
/* End XCConfigurationList section */
	};
	rootObject = E27877382517DDE90000841E /* Project object */;
}
